
Microsoft Visual Studio Solution File, Format Version 12.00
# Visual Studio Version 17
VisualStudioVersion = 17.13.35913.81 d17.13
MinimumVisualStudioVersion = 10.0.40219.1
Project("{FAE04EC0-301F-11D3-BF4B-00C04F79EFBC}") = "Triavel.API", "Triavel.API\Triavel.API.csproj", "{BBD2EA4B-DB55-460C-9BB7-00A2C3465157}"
EndProject
Global
	GlobalSection(SolutionConfigurationPlatforms) = preSolution
		Debug|Any CPU = Debug|Any CPU
		Release|Any CPU = Release|Any CPU
	EndGlobalSection
	GlobalSection(ProjectConfigurationPlatforms) = postSolution
		{BBD2EA4B-DB55-460C-9BB7-00A2C3465157}.Debug|Any CPU.ActiveCfg = Debug|Any CPU
		{BBD2EA4B-DB55-460C-9BB7-00A2C3465157}.Debug|Any CPU.Build.0 = Debug|Any CPU
		{BBD2EA4B-DB55-460C-9BB7-00A2C3465157}.Release|Any CPU.ActiveCfg = Release|Any CPU
		{BBD2EA4B-DB55-460C-9BB7-00A2C3465157}.Release|Any CPU.Build.0 = Release|Any CPU
	EndGlobalSection
	GlobalSection(SolutionProperties) = preSolution
		HideSolutionNode = FALSE
	EndGlobalSection
	GlobalSection(ExtensibilityGlobals) = postSolution
		SolutionGuid = {2618A723-3C7B-4326-9BE4-0C2F03CEE666}
	EndGlobalSection
EndGlobal
